PODS:
  - Alamofire (4.5.0)
  - IQKeyboardManagerSwift (4.0.13)
  - Kingfisher (3.10.1)
  - SnapKit (3.2.0)
  - ZKProgressHUD (1.3)

DEPENDENCIES:
  - Alamofire (~> 4.5)
  - IQKeyboardManagerSwift (~> 4.0)
  - Kingfisher (~> 3.10)
  - SnapKit (~> 3.2)
  - ZKProgressHUD

SPEC CHECKSUMS:
  Alamofire: f28cdffd29de33a7bfa022cbd63ae95a27fae140
  IQKeyboardManagerSwift: fb399c4cddcd8d9bbcd2d0c7c81ed290b61c088e
  Kingfisher: 33a1b82140fcb14a9fc13f78dfde2a03ff8de8cb
  SnapKit: 1ca44df72cfa543218d177cb8aab029d10d86ea7
  ZKProgressHUD: 10fc7ffc58994dfa5fc1d0ce00577747490f2a5a

PODFILE CHECKSUM: cae04db8460afd612a6d32e8bbedb96572c9932c

COCOAPODS: 1.2.0
